// Generated File DO NOT MANUALLY EDIT, this file SHOULD be commited to version control system
{"image_base_name":"tipibuild/tipi-ubuntu","manifest_digest":"sha256:f018814d848c16caca3959e81b0215a42ecbb41f9f552fe11bcc686d853cfacf","platform":"linux/amd64","raw_envzip_hash":"7ebaedc1ac30dae34720f8330ac0a29877894442"}